
Microsoft Visual Studio Solution File, Format Version 12.00
# Visual Studio Version 17
VisualStudioVersion = 17.5.33530.505
MinimumVisualStudioVersion = 10.0.40219.1
Project("{2150E333-8FDC-42A3-9474-1A3956D46DE8}") = "Projekt_01", "Projekt_01", "{CD52F483-61CE-46CD-908C-66315C6934A4}"
EndProject
Project("{9A19103F-16F7-4668-BE54-9A1E7A4F7556}") = "Projekt01UI", "Projekt01UI\Projekt01UI.csproj", "{311DC583-EF9D-4569-8205-B6FA02F6416C}"
EndProject
Project("{2150E333-8FDC-42A3-9474-1A3956D46DE8}") = "Etap_01", "Etap_01", "{5B707AB6-600F-4290-BF42-BCBAC5900E14}"
EndProject
Project("{2150E333-8FDC-42A3-9474-1A3956D46DE8}") = "Etap_02", "Etap_02", "{633CFD1A-7F94-4FF1-827C-67A1C6FEC15A}"
EndProject
Global
	GlobalSection(SolutionConfigurationPlatforms) = preSolution
		Debug|Any CPU = Debug|Any CPU
		Release|Any CPU = Release|Any CPU
	EndGlobalSection
	GlobalSection(ProjectConfigurationPlatforms) = postSolution
		{311DC583-EF9D-4569-8205-B6FA02F6416C}.Debug|Any CPU.ActiveCfg = Debug|Any CPU
		{311DC583-EF9D-4569-8205-B6FA02F6416C}.Debug|Any CPU.Build.0 = Debug|Any CPU
		{311DC583-EF9D-4569-8205-B6FA02F6416C}.Release|Any CPU.ActiveCfg = Release|Any CPU
		{311DC583-EF9D-4569-8205-B6FA02F6416C}.Release|Any CPU.Build.0 = Release|Any CPU
	EndGlobalSection
	GlobalSection(SolutionProperties) = preSolution
		HideSolutionNode = FALSE
	EndGlobalSection
	GlobalSection(NestedProjects) = preSolution
		{311DC583-EF9D-4569-8205-B6FA02F6416C} = {5B707AB6-600F-4290-BF42-BCBAC5900E14}
		{5B707AB6-600F-4290-BF42-BCBAC5900E14} = {CD52F483-61CE-46CD-908C-66315C6934A4}
		{633CFD1A-7F94-4FF1-827C-67A1C6FEC15A} = {CD52F483-61CE-46CD-908C-66315C6934A4}
	EndGlobalSection
	GlobalSection(ExtensibilityGlobals) = postSolution
		SolutionGuid = {813A2F04-6AFF-4C40-A8F7-C79D96AB7C42}
	EndGlobalSection
EndGlobal
